// !$*UTF8*$!
{
	archiveVersion = 1;
	classes = {
	};
	objectVersion = 46;
	objects = {

/* Begin PBXBuildFile section */
		A0EA0F481E771D2600F262EF /* main.m in Sources */ = {isa = PBXBuildFile; fileRef = A0EA0F471E771D2600F262EF /* main.m */; };
		A0EA0F4B1E771D2600F262EF /* AppDelegate.m in Sources */ = {isa = PBXBuildFile; fileRef = A0EA0F4A1E771D2600F262EF /* AppDelegate.m */; };
		A0EA0F511E771D2600F262EF /* Main.storyboard in Resources */ = {isa = PBXBuildFile; fileRef = A0EA0F4F1E771D2600F262EF /* Main.storyboard */; };
		A0EA0F531E771D2600F262EF /* Assets.xcassets in Resources */ = {isa = PBXBuildFile; fileRef = A0EA0F521E771D2600F262EF /* Assets.xcassets */; };
		A0EA0F561E771D2600F262EF /* LaunchScreen.storyboard in Resources */ = {isa = PBXBuildFile; fileRef = A0EA0F541E771D2600F262EF /* LaunchScreen.storyboard */; };
		A0EA0F5F1E771DF500F262EF /* SwitcherTableViewController.m in Sources */ = {isa = PBXBuildFile; fileRef = A0EA0F5E1E771DF500F262EF /* SwitcherTableViewController.m */; };
		A0EA0F621E771E5D00F262EF /* DivisionViewController.m in Sources */ = {isa = PBXBuildFile; fileRef = A0EA0F611E771E5D00F262EF /* DivisionViewController.m */; };
		A0EA0F651E771E8400F262EF /* SwitcherTableViewCell.m in Sources */ = {isa = PBXBuildFile; fileRef = A0EA0F641E771E8400F262EF /* SwitcherTableViewCell.m */; };
/* End PBXBuildFile section */

/* Begin PBXFileReference section */
		A0EA0F431E771D2600F262EF /* TheSwitcher_BrunoTavares.app */ = {isa = PBXFileReference; explicitFileType = wrapper.application; includeInIndex = 0; path = TheSwitcher_BrunoTavares.app; sourceTree = BUILT_PRODUCTS_DIR; };
		A0EA0F471E771D2600F262EF /* main.m */ = {isa = PBXFileReference; lastKnownFileType = sourcecode.c.objc; path = main.m; sourceTree = "<group>"; };
		A0EA0F491E771D2600F262EF /* AppDelegate.h */ = {isa = PBXFileReference; lastKnownFileType = sourcecode.c.h; path = AppDelegate.h; sourceTree = "<group>"; };
		A0EA0F4A1E771D2600F262EF /* AppDelegate.m */ = {isa = PBXFileReference; lastKnownFileType = sourcecode.c.objc; path = AppDelegate.m; sourceTree = "<group>"; };
		A0EA0F501E771D2600F262EF /* Base */ = {isa = PBXFileReference; lastKnownFileType = file.storyboard; name = Base; path = Base.lproj/Main.storyboard; sourceTree = "<group>"; };
		A0EA0F521E771D2600F262EF /* Assets.xcassets */ = {isa = PBXFileReference; lastKnownFileType = folder.assetcatalog; path = Assets.xcassets; sourceTree = "<group>"; };
		A0EA0F551E771D2600F262EF /* Base */ = {isa = PBXFileReference; lastKnownFileType = file.storyboard; name = Base; path = Base.lproj/LaunchScreen.storyboard; sourceTree = "<group>"; };
		A0EA0F571E771D2600F262EF /* Info.plist */ = {isa = PBXFileReference; lastKnownFileType = text.plist.xml; path = Info.plist; sourceTree = "<group>"; };
		A0EA0F5D1E771DF500F262EF /* SwitcherTableViewController.h */ = {isa = PBXFileReference; fileEncoding = 4; lastKnownFileType = sourcecode.c.h; path = SwitcherTableViewController.h; sourceTree = "<group>"; };
		A0EA0F5E1E771DF500F262EF /* SwitcherTableViewController.m */ = {isa = PBXFileReference; fileEncoding = 4; lastKnownFileType = sourcecode.c.objc; path = SwitcherTableViewController.m; sourceTree = "<group>"; };
		A0EA0F601E771E5D00F262EF /* DivisionViewController.h */ = {isa = PBXFileReference; fileEncoding = 4; lastKnownFileType = sourcecode.c.h; path = DivisionViewController.h; sourceTree = "<group>"; };
		A0EA0F611E771E5D00F262EF /* DivisionViewController.m */ = {isa = PBXFileReference; fileEncoding = 4; lastKnownFileType = sourcecode.c.objc; path = DivisionViewController.m; sourceTree = "<group>"; };
		A0EA0F631E771E8400F262EF /* SwitcherTableViewCell.h */ = {isa = PBXFileReference; fileEncoding = 4; lastKnownFileType = sourcecode.c.h; path = SwitcherTableViewCell.h; sourceTree = "<group>"; };
		A0EA0F641E771E8400F262EF /* SwitcherTableViewCell.m */ = {isa = PBXFileReference; fileEncoding = 4; lastKnownFileType = sourcecode.c.objc; path = SwitcherTableViewCell.m; sourceTree = "<group>"; };
/* End PBXFileReference section */

/* Begin PBXFrameworksBuildPhase section */
		A0EA0F401E771D2600F262EF /* Frameworks */ = {
			isa = PBXFrameworksBuildPhase;
			buildActionMask = 2147483647;
			files = (
			);
			runOnlyForDeploymentPostprocessing = 0;
		};
/* End PBXFrameworksBuildPhase section */

/* Begin PBXGroup section */
		A0EA0F3A1E771D2600F262EF = {
			isa = PBXGroup;
			children = (
				A0EA0F451E771D2600F262EF /* TheSwitcher_BrunoTavares */,
				A0EA0F441E771D2600F262EF /* Products */,
			);
			sourceTree = "<group>";
		};
		A0EA0F441E771D2600F262EF /* Products */ = {
			isa = PBXGroup;
			children = (
				A0EA0F431E771D2600F262EF /* TheSwitcher_BrunoTavares.app */,
			);
			name = Products;
			sourceTree = "<group>";
		};
		A0EA0F451E771D2600F262EF /* TheSwitcher_BrunoTavares */ = {
			isa = PBXGroup;
			children = (
				A0EA0F491E771D2600F262EF /* AppDelegate.h */,
				A0EA0F4A1E771D2600F262EF /* AppDelegate.m */,
				A0EA0F601E771E5D00F262EF /* DivisionViewController.h */,
				A0EA0F611E771E5D00F262EF /* DivisionViewController.m */,
				A0EA0F631E771E8400F262EF /* SwitcherTableViewCell.h */,
				A0EA0F641E771E8400F262EF /* SwitcherTableViewCell.m */,
				A0EA0F5D1E771DF500F262EF /* SwitcherTableViewController.h */,
				A0EA0F5E1E771DF500F262EF /* SwitcherTableViewController.m */,
				A0EA0F4F1E771D2600F262EF /* Main.storyboard */,
				A0EA0F521E771D2600F262EF /* Assets.xcassets */,
				A0EA0F541E771D2600F262EF /* LaunchScreen.storyboard */,
				A0EA0F571E771D2600F262EF /* Info.plist */,
				A0EA0F461E771D2600F262EF /* Supporting Files */,
			);
			path = TheSwitcher_BrunoTavares;
			sourceTree = "<group>";
		};
		A0EA0F461E771D2600F262EF /* Supporting Files */ = {
			isa = PBXGroup;
			children = (
				A0EA0F471E771D2600F262EF /* main.m */,
			);
			name = "Supporting Files";
			sourceTree = "<group>";
		};
/* End PBXGroup section */

/* Begin PBXNativeTarget section */
		A0EA0F421E771D2600F262EF /* TheSwitcher_BrunoTavares */ = {
			isa = PBXNativeTarget;
			buildConfigurationList = A0EA0F5A1E771D2600F262EF /* Build configuration list for PBXNativeTarget "TheSwitcher_BrunoTavares" */;
			buildPhases = (
				A0EA0F3F1E771D2600F262EF /* Sources */,
				A0EA0F401E771D2600F262EF /* Frameworks */,
				A0EA0F411E771D2600F262EF /* Resources */,
			);
			buildRules = (
			);
			dependencies = (
			);
			name = TheSwitcher_BrunoTavares;
			productName = TheSwitcher_BrunoTavares;
			productReference = A0EA0F431E771D2600F262EF /* TheSwitcher_BrunoTavares.app */;
			productType = "com.apple.product-type.application";
		};
/* End PBXNativeTarget section */

/* Begin PBXProject section */
		A0EA0F3B1E771D2600F262EF /* Project object */ = {
			isa = PBXProject;
			attributes = {
				LastUpgradeCheck = 0820;
				ORGANIZATIONNAME = "Bruno Tavares";
				TargetAttributes = {
					A0EA0F421E771D2600F262EF = {
						CreatedOnToolsVersion = 8.2.1;
						DevelopmentTeam = R9YDVZ74V7;
						ProvisioningStyle = Automatic;
					};
				};
			};
			buildConfigurationList = A0EA0F3E1E771D2600F262EF /* Build configuration list for PBXProject "TheSwitcher_BrunoTavares" */;
			compatibilityVersion = "Xcode 3.2";
			developmentRegion = English;
			hasScannedForEncodings = 0;
			knownRegions = (
				en,
				Base,
			);
			mainGroup = A0EA0F3A1E771D2600F262EF;
			productRefGroup = A0EA0F441E771D2600F262EF /* Products */;
			projectDirPath = "";
			projectRoot = "";
			targets = (
				A0EA0F421E771D2600F262EF /* TheSwitcher_BrunoTavares */,
			);
		};
/* End PBXProject section */

/* Begin PBXResourcesBuildPhase section */
		A0EA0F411E771D2600F262EF /* Resources */ = {
			isa = PBXResourcesBuildPhase;
			buildActionMask = 2147483647;
			files = (
				A0EA0F561E771D2600F262EF /* LaunchScreen.storyboard in Resources */,
				A0EA0F531E771D2600F262EF /* Assets.xcassets in Resources */,
				A0EA0F511E771D2600F262EF /* Main.storyboard in Resources */,
			);
			runOnlyForDeploymentPostprocessing = 0;
		};
/* End PBXResourcesBuildPhase section */

/* Begin PBXSourcesBuildPhase section */
		A0EA0F3F1E771D2600F262EF /* Sources */ = {
			isa = PBXSourcesBuildPhase;
			buildActionMask = 2147483647;
			files = (
				A0EA0F4B1E771D2600F262EF /* AppDelegate.m in Sources */,
				A0EA0F5F1E771DF500F262EF /* SwitcherTableViewController.m in Sources */,
				A0EA0F481E771D2600F262EF /* main.m in Sources */,
				A0EA0F651E771E8400F262EF /* SwitcherTableViewCell.m in Sources */,
				A0EA0F621E771E5D00F262EF /* DivisionViewController.m in Sources */,
			);
			runOnlyForDeploymentPostprocessing = 0;
		};
/* End PBXSourcesBuildPhase section */

/* Begin PBXVariantGroup section */
		A0EA0F4F1E771D2600F262EF /* Main.storyboard */ = {
			isa = PBXVariantGroup;
			children = (
				A0EA0F501E771D2600F262EF /* Base */,
			);
			name = Main.storyboard;
			sourceTree = "<group>";
		};
		A0EA0F541E771D2600F262EF /* LaunchScreen.storyboard */ = {
			isa = PBXVariantGroup;
			children = (
				A0EA0F551E771D2600F262EF /* Base */,
			);
			name = LaunchScreen.storyboard;
			sourceTree = "<group>";
		};
/* End PBXVariantGroup section */

/* Begin XCBuildConfiguration section */
		A0EA0F581E771D2600F262EF /* Debug */ = {
			isa = XCBuildConfiguration;
			buildSettings = {
				ALWAYS_SEARCH_USER_PATHS = NO;
				CLANG_ANALYZER_NONNULL = YES;
				CLANG_CXX_LANGUAGE_STANDARD = "gnu++0x";
				CLANG_CXX_LIBRARY = "libc++";
				CLANG_ENABLE_MODULES = YES;
				CLANG_ENABLE_OBJC_ARC = YES;
				CLANG_WARN_BOOL_CONVERSION = YES;
				CLANG_WARN_CONSTANT_CONVERSION = YES;
				CLANG_WARN_DIRECT_OBJC_ISA_USAGE = YES_ERROR;
				CLANG_WARN_DOCUMENTATION_COMMENTS = YES;
				CLANG_WARN_EMPTY_BODY = YES;
				CLANG_WARN_ENUM_CONVERSION = YES;
				CLANG_WARN_INFINITE_RECURSION = YES;
				CLANG_WARN_INT_CONVERSION = YES;
				CLANG_WARN_OBJC_ROOT_CLASS = YES_ERROR;
				CLANG_WARN_SUSPICIOUS_MOVE = YES;
				CLANG_WARN_UNREACHABLE_CODE = YES;
				CLANG_WARN__DUPLICATE_METHOD_MATCH = YES;
				"CODE_SIGN_IDENTITY[sdk=iphoneos*]" = "iPhone Developer";
				COPY_PHASE_STRIP = NO;
				DEBUG_INFORMATION_FORMAT = dwarf;
				ENABLE_STRICT_OBJC_MSGSEND = YES;
				ENABLE_TESTABILITY = YES;
				GCC_C_LANGUAGE_STANDARD = gnu99;
				GCC_DYNAMIC_NO_PIC = NO;
				GCC_NO_COMMON_BLOCKS = YES;
				GCC_OPTIMIZATION_LEVEL = 0;
				GCC_PREPROCESSOR_DEFINITIONS = (
					"DEBUG=1",
					"$(inherited)",
				);
				GCC_WARN_64_TO_32_BIT_CONVERSION = YES;
				GCC_WARN_ABOUT_RETURN_TYPE = YES_ERROR;
				GCC_WARN_UNDECLARED_SELECTOR = YES;
				GCC_WARN_UNINITIALIZED_AUTOS = YES_AGGRESSIVE;
				GCC_WARN_UNUSED_FUNCTION = YES;
				GCC_WARN_UNUSED_VARIABLE = YES;
				IPHONEOS_DEPLOYMENT_TARGET = 10.2;
				MTL_ENABLE_DEBUG_INFO = YES;
				ONLY_ACTIVE_ARCH = YES;
				SDKROOT = iphoneos;
				TARGETED_DEVICE_FAMILY = "1,2";
			};
			name = Debug;
		};
		A0EA0F591E771D2600F262EF /* Release */ = {
			isa = XCBuildConfiguration;
			buildSettings = {
				ALWAYS_SEARCH_USER_PATHS = NO;
				CLANG_ANALYZER_NONNULL = YES;
				CLANG_CXX_LANGUAGE_STANDARD = "gnu++0x";
				CLANG_CXX_LIBRARY = "libc++";
				CLANG_ENABLE_MODULES = YES;
				CLANG_ENABLE_OBJC_ARC = YES;
				CLANG_WARN_BOOL_CONVERSION = YES;
				CLANG_WARN_CONSTANT_CONVERSION = YES;
				CLANG_WARN_DIRECT_OBJC_ISA_USAGE = YES_ERROR;
				CLANG_WARN_DOCUMENTATION_COMMENTS = YES;
				CLANG_WARN_EMPTY_BODY = YES;
				CLANG_WARN_ENUM_CONVERSION = YES;
				CLANG_WARN_INFINITE_RECURSION = YES;
				CLANG_WARN_INT_CONVERSION = YES;
				CLANG_WARN_OBJC_ROOT_CLASS = YES_ERROR;
				CLANG_WARN_SUSPICIOUS_MOVE = YES;
				CLANG_WARN_UNREACHABLE_CODE = YES;
				CLANG_WARN__DUPLICATE_METHOD_MATCH = YES;
				"CODE_SIGN_IDENTITY[sdk=iphoneos*]" = "iPhone Developer";
				COPY_PHASE_STRIP = NO;
				DEBUG_INFORMATION_FORMAT = "dwarf-with-dsym";
				ENABLE_NS_ASSERTIONS = NO;
				ENABLE_STRICT_OBJC_MSGSEND = YES;
				GCC_C_LANGUAGE_STANDARD = gnu99;
				GCC_NO_COMMON_BLOCKS = YES;
				GCC_WARN_64_TO_32_BIT_CONVERSION = YES;
				GCC_WARN_ABOUT_RETURN_TYPE = YES_ERROR;
				GCC_WARN_UNDECLARED_SELECTOR = YES;
				GCC_WARN_UNINITIALIZED_AUTOS = YES_AGGRESSIVE;
				GCC_WARN_UNUSED_FUNCTION = YES;
				GCC_WARN_UNUSED_VARIABLE = YES;
				IPHONEOS_DEPLOYMENT_TARGET = 10.2;
				MTL_ENABLE_DEBUG_INFO = NO;
				SDKROOT = iphoneos;
				TARGETED_DEVICE_FAMILY = "1,2";
				VALIDATE_PRODUCT = YES;
			};
			name = Release;
		};
		A0EA0F5B1E771D2600F262EF /* Debug */ = {
			isa = XCBuildConfiguration;
			buildSettings = {
				ASSETCATALOG_COMPILER_APPICON_NAME = AppIcon;
				DEVELOPMENT_TEAM = R9YDVZ74V7;
				INFOPLIST_FILE = TheSwitcher_BrunoTavares/Info.plist;
				LD_RUNPATH_SEARCH_PATHS = "$(inherited) @executable_path/Frameworks";
				PRODUCT_BUNDLE_IDENTIFIER = "BDani.TheSwitcher-BrunoTavares";
				PRODUCT_NAME = "$(TARGET_NAME)";
			};
			name = Debug;
		};
		A0EA0F5C1E771D2600F262EF /* Release */ = {
			isa = XCBuildConfiguration;
			buildSettings = {
				ASSETCATALOG_COMPILER_APPICON_NAME = AppIcon;
				DEVELOPMENT_TEAM = R9YDVZ74V7;
				INFOPLIST_FILE = TheSwitcher_BrunoTavares/Info.plist;
				LD_RUNPATH_SEARCH_PATHS = "$(inherited) @executable_path/Frameworks";
				PRODUCT_BUNDLE_IDENTIFIER = "BDani.TheSwitcher-BrunoTavares";
				PRODUCT_NAME = "$(TARGET_NAME)";
			};
			name = Release;
		};
/* End XCBuildConfiguration section */

/* Begin XCConfigurationList section */
		A0EA0F3E1E771D2600F262EF /* Build configuration list for PBXProject "TheSwitcher_BrunoTavares" */ = {
			isa = XCConfigurationList;
			buildConfigurations = (
				A0EA0F581E771D2600F262EF /* Debug */,
				A0EA0F591E771D2600F262EF /* Release */,
			);
			defaultConfigurationIsVisible = 0;
			defaultConfigurationName = Release;
		};
		A0EA0F5A1E771D2600F262EF /* Build configuration list for PBXNativeTarget "TheSwitcher_BrunoTavares" */ = {
			isa = XCConfigurationList;
			buildConfigurations = (
				A0EA0F5B1E771D2600F262EF /* Debug */,
				A0EA0F5C1E771D2600F262EF /* Release */,
			);
			defaultConfigurationIsVisible = 0;
		};
/* End XCConfigurationList section */
	};
	rootObject = A0EA0F3B1E771D2600F262EF /* Project object */;
}
